PODS:
  - RAMRouter (1.0.0):
    - RAMRouter/RAMController (= 1.0.0)
    - RAMRouter/RAMCore (= 1.0.0)
    - RAMRouter/RAMR3 (= 1.0.0)
  - RAMRouter/RAMController (1.0.0)
  - RAMRouter/RAMCore (1.0.0)
  - RAMRouter/RAMR3 (1.0.0)

DEPENDENCIES:
  - RAMRouter (from `/Users/qiujunyun/Documents/WorkSpace/github/RAMRouter`)

EXTERNAL SOURCES:
  RAMRouter:
    :path: "/Users/qiujunyun/Documents/WorkSpace/github/RAMRouter"

SPEC CHECKSUMS:
  RAMRouter: da9130f1df0060afd74736c35e01220794385e53

PODFILE CHECKSUM: c384d729ab606266b4e2e7a3ee611f57f65c7ed8

COCOAPODS: 1.5.3
